{
  "name": "dlive-companion",
  "version": "1.0.6",
  "lockfileVersion": 1,
  "requires": true,
  "dependencies": {
    "@types/estree": {
      "version": "0.0.39",
      "resolved": "https://registry.npmjs.org/@types/estree/-/estree-0.0.39.tgz",
      "integrity": "sha512-EYNwp3bU+98cpU4lAWYYL7Zz+2gryWH1qbdDTidVd6hkiR6weksdbMadyXKXNPEkQFhXM+hVO9ZygomHXp+AIw==",
      "dev": true
    },
    "@types/node": {
      "version": "11.13.4",
      "resolved": "https://registry.npmjs.org/@types/node/-/node-11.13.4.tgz",
      "integrity": "sha512-+rabAZZ3Yn7tF/XPGHupKIL5EcAbrLxnTr/hgQICxbeuAfWtT0UZSfULE+ndusckBItcv4o6ZeOJplQikVcLvQ==",
      "dev": true
    },
    "acorn": {
      "version": "6.1.1",
      "resolved": "https://registry.npmjs.org/acorn/-/acorn-6.1.1.tgz",
      "integrity": "sha512-jPTiwtOxaHNaAPg/dmrJ/beuzLRnXtB0kQPQ8JpotKJgTB6rX6c8mlf315941pyjBSaPg8NHXS9fhP4u17DpGA==",
      "dev": true
    },
    "fetchql": {
      "version": "3.0.0",
      "resolved": "https://registry.npmjs.org/fetchql/-/fetchql-3.0.0.tgz",
      "integrity": "sha512-KbZfzLtdgGLVjCIbw2+dEg8FoLAH42/5CWY8J5R3n6LrBULXiVgM5QxWtNKD+f6AijLdkwHtSxkgHKECISx8yQ=="
    },
    "mithril": {
      "version": "2.0.0-rc.4",
      "resolved": "https://registry.npmjs.org/mithril/-/mithril-2.0.0-rc.4.tgz",
      "integrity": "sha512-Vea5rnb4Z7RUuQgB3/LSltZlYwR9dbuXwxTOlNyyfGu5FNC/FvfteR3Je5u95v8GGSgGN2mzmVrPXETOHOaOtA=="
    },
    "rollup": {
      "version": "1.10.0",
      "resolved": "https://registry.npmjs.org/rollup/-/rollup-1.10.0.tgz",
      "integrity": "sha512-U9t/JaKtO0+X0pSmLVKMrAZEixrbVzITf193TiEhfoVKCnd7pDimIFo94IxUCgbn6+v5VmduHkubx2VV1s0Ftw==",
      "dev": true,
      "requires": {
        "@types/estree": "0.0.39",
        "@types/node": "^11.13.4",
        "acorn": "^6.1.1"
      }
    },
    "spectre.css": {
      "version": "0.5.8",
      "resolved": "https://registry.npmjs.org/spectre.css/-/spectre.css-0.5.8.tgz",
      "integrity": "sha512-3N4WocWY+Dl6b3e5v3nsZYyp+VSDcBfGDzyyHw/H78ie9BoAhHkxmrhLxo9y8RadxYzVrPjfPdlev3hXEUzR2w=="
    }
  }
}
